
Microsoft Visual Studio Solution File, Format Version 12.00
# Visual Studio Version 17
VisualStudioVersion = 17.9.34607.119
MinimumVisualStudioVersion = 10.0.40219.1
Project("{FAE04EC0-301F-11D3-BF4B-00C04F79EFBC}") = "SZGYA-WPF-2024-10-04-SoftDrins", "SZGYA-WPF-2024-10-04-SoftDrins\SZGYA-WPF-2024-10-04-SoftDrins.csproj", "{06D0FA94-8DCE-45DD-AAAF-2CA12087952A}"
EndProject
Global
	GlobalSection(SolutionConfigurationPlatforms) = preSolution
		Debug|Any CPU = Debug|Any CPU
		Release|Any CPU = Release|Any CPU
	EndGlobalSection
	GlobalSection(ProjectConfigurationPlatforms) = postSolution
		{06D0FA94-8DCE-45DD-AAAF-2CA12087952A}.Debug|Any CPU.ActiveCfg = Debug|Any CPU
		{06D0FA94-8DCE-45DD-AAAF-2CA12087952A}.Debug|Any CPU.Build.0 = Debug|Any CPU
		{06D0FA94-8DCE-45DD-AAAF-2CA12087952A}.Release|Any CPU.ActiveCfg = Release|Any CPU
		{06D0FA94-8DCE-45DD-AAAF-2CA12087952A}.Release|Any CPU.Build.0 = Release|Any CPU
	EndGlobalSection
	GlobalSection(SolutionProperties) = preSolution
		HideSolutionNode = FALSE
	EndGlobalSection
	GlobalSection(ExtensibilityGlobals) = postSolution
		SolutionGuid = {C2C64345-CACB-4FEF-8193-3D6BD51A0823}
	EndGlobalSection
EndGlobal
